{
  "name": "testing-git-dependencies",
  "version": "1.0.0",
  "lockfileVersion": 1,
  "requires": true,
  "dependencies": {
    "lodash": {
      "version": "github:lodash/lodash#750067f42d3aa5f927604ece2c6df0ff2b2e9d72",
      "from": "github:lodash/lodash#750067f42d3aa5f927604ece2c6df0ff2b2e9d72"
    }
  }
}
